// !$*UTF8*$!
{
	archiveVersion = 1;
	classes = {
	};
	objectVersion = 52;
	objects = {

/* Begin PBXBuildFile section */
		7F2848112395295800878B5F /* Bindable.swift in Sources */ = {isa = PBXBuildFile; fileRef = 7F2848102395295800878B5F /* Bindable.swift */; };
		7FA77B2123942AB200665348 /* AppDelegate.swift in Sources */ = {isa = PBXBuildFile; fileRef = 7FA77B2023942AB200665348 /* AppDelegate.swift */; };
		7FA77B2323942AB200665348 /* SceneDelegate.swift in Sources */ = {isa = PBXBuildFile; fileRef = 7FA77B2223942AB200665348 /* SceneDelegate.swift */; };
		7FA77B2523942AB200665348 /* ViewController.swift in Sources */ = {isa = PBXBuildFile; fileRef = 7FA77B2423942AB200665348 /* ViewController.swift */; };
		7FA77B2823942AB200665348 /* Main.storyboard in Resources */ = {isa = PBXBuildFile; fileRef = 7FA77B2623942AB200665348 /* Main.storyboard */; };
		7FA77B2A23942AB300665348 /* Assets.xcassets in Resources */ = {isa = PBXBuildFile; fileRef = 7FA77B2923942AB300665348 /* Assets.xcassets */; };
		7FA77B2D23942AB300665348 /* LaunchScreen.storyboard in Resources */ = {isa = PBXBuildFile; fileRef = 7FA77B2B23942AB300665348 /* LaunchScreen.storyboard */; };
		7FA77B3823942AB300665348 /* WolfpackDigitalBaseProjectTests.swift in Sources */ = {isa = PBXBuildFile; fileRef = 7FA77B3723942AB300665348 /* WolfpackDigitalBaseProjectTests.swift */; };
		7FF75841239542F40034FF2A /* WolfpackDigitalBaseUtils in Frameworks */ = {isa = PBXBuildFile; productRef = 7FF75840239542F40034FF2A /* WolfpackDigitalBaseUtils */; };
		93E3AF23CF1CD66B9DBDB2BC /* Pods_WolfpackDigitalBaseProjectTests.framework in Frameworks */ = {isa = PBXBuildFile; fileRef = C76A1EF609FD49B264ED2530 /* Pods_WolfpackDigitalBaseProjectTests.framework */; };
		C454FA5613B65E4B4442A4C7 /* Pods_WolfpackDigitalBaseProject.framework in Frameworks */ = {isa = PBXBuildFile; fileRef = 902EA005B7FB4EF42DE9D7BB /* Pods_WolfpackDigitalBaseProject.framework */; };
/* End PBXBuildFile section */

/* Begin PBXContainerItemProxy section */
		7FA77B3423942AB300665348 /* PBXContainerItemProxy */ = {
			isa = PBXContainerItemProxy;
			containerPortal = 7FA77B1523942AB200665348 /* Project object */;
			proxyType = 1;
			remoteGlobalIDString = 7FA77B1C23942AB200665348;
			remoteInfo = WolfpackDigitalBaseProject;
		};
/* End PBXContainerItemProxy section */

/* Begin PBXFileReference section */
		0D540318EF07497E5A1A3798 /* Pods-WolfpackDigitalBaseProjectTests.release.xcconfig */ = {isa = PBXFileReference; includeInIndex = 1; lastKnownFileType = text.xcconfig; name = "Pods-WolfpackDigitalBaseProjectTests.release.xcconfig"; path = "Target Support Files/Pods-WolfpackDigitalBaseProjectTests/Pods-WolfpackDigitalBaseProjectTests.release.xcconfig"; sourceTree = "<group>"; };
		5B19FD0A155E6BB05BE06795 /* Pods-WolfpackDigitalBaseProjectTests.debug.xcconfig */ = {isa = PBXFileReference; includeInIndex = 1; lastKnownFileType = text.xcconfig; name = "Pods-WolfpackDigitalBaseProjectTests.debug.xcconfig"; path = "Target Support Files/Pods-WolfpackDigitalBaseProjectTests/Pods-WolfpackDigitalBaseProjectTests.debug.xcconfig"; sourceTree = "<group>"; };
		7F2848102395295800878B5F /* Bindable.swift */ = {isa = PBXFileReference; lastKnownFileType = sourcecode.swift; path = Bindable.swift; sourceTree = "<group>"; };
		7FA77B1D23942AB200665348 /* WolfpackDigitalBaseProject.app */ = {isa = PBXFileReference; explicitFileType = wrapper.application; includeInIndex = 0; path = WolfpackDigitalBaseProject.app; sourceTree = BUILT_PRODUCTS_DIR; };
		7FA77B2023942AB200665348 /* AppDelegate.swift */ = {isa = PBXFileReference; lastKnownFileType = sourcecode.swift; path = AppDelegate.swift; sourceTree = "<group>"; };
		7FA77B2223942AB200665348 /* SceneDelegate.swift */ = {isa = PBXFileReference; lastKnownFileType = sourcecode.swift; path = SceneDelegate.swift; sourceTree = "<group>"; };
		7FA77B2423942AB200665348 /* ViewController.swift */ = {isa = PBXFileReference; lastKnownFileType = sourcecode.swift; path = ViewController.swift; sourceTree = "<group>"; };
		7FA77B2723942AB200665348 /* Base */ = {isa = PBXFileReference; lastKnownFileType = file.storyboard; name = Base; path = Base.lproj/Main.storyboard; sourceTree = "<group>"; };
		7FA77B2923942AB300665348 /* Assets.xcassets */ = {isa = PBXFileReference; lastKnownFileType = folder.assetcatalog; path = Assets.xcassets; sourceTree = "<group>"; };
		7FA77B2C23942AB300665348 /* Base */ = {isa = PBXFileReference; lastKnownFileType = file.storyboard; name = Base; path = Base.lproj/LaunchScreen.storyboard; sourceTree = "<group>"; };
		7FA77B2E23942AB300665348 /* Info.plist */ = {isa = PBXFileReference; lastKnownFileType = text.plist.xml; path = Info.plist; sourceTree = "<group>"; };
		7FA77B3323942AB300665348 /* WolfpackDigitalBaseProjectTests.xctest */ = {isa = PBXFileReference; explicitFileType = wrapper.cfbundle; includeInIndex = 0; path = WolfpackDigitalBaseProjectTests.xctest; sourceTree = BUILT_PRODUCTS_DIR; };
		7FA77B3723942AB300665348 /* WolfpackDigitalBaseProjectTests.swift */ = {isa = PBXFileReference; lastKnownFileType = sourcecode.swift; path = WolfpackDigitalBaseProjectTests.swift; sourceTree = "<group>"; };
		7FA77B3923942AB300665348 /* Info.plist */ = {isa = PBXFileReference; lastKnownFileType = text.plist.xml; path = Info.plist; sourceTree = "<group>"; };
		7FF758422395445F0034FF2A /* WolfpackDigitalBaseProject.entitlements */ = {isa = PBXFileReference; lastKnownFileType = text.plist.entitlements; path = WolfpackDigitalBaseProject.entitlements; sourceTree = "<group>"; };
		902EA005B7FB4EF42DE9D7BB /* Pods_WolfpackDigitalBaseProject.framework */ = {isa = PBXFileReference; explicitFileType = wrapper.framework; includeInIndex = 0; path = Pods_WolfpackDigitalBaseProject.framework; sourceTree = BUILT_PRODUCTS_DIR; };
		B188E6F18F9826C08EC5093B /* Pods-WolfpackDigitalBaseProject.release.xcconfig */ = {isa = PBXFileReference; includeInIndex = 1; lastKnownFileType = text.xcconfig; name = "Pods-WolfpackDigitalBaseProject.release.xcconfig"; path = "Target Support Files/Pods-WolfpackDigitalBaseProject/Pods-WolfpackDigitalBaseProject.release.xcconfig"; sourceTree = "<group>"; };
		C76A1EF609FD49B264ED2530 /* Pods_WolfpackDigitalBaseProjectTests.framework */ = {isa = PBXFileReference; explicitFileType = wrapper.framework; includeInIndex = 0; path = Pods_WolfpackDigitalBaseProjectTests.framework; sourceTree = BUILT_PRODUCTS_DIR; };
		FC28BC71C3C72AA4E35F39E8 /* Pods-WolfpackDigitalBaseProject.debug.xcconfig */ = {isa = PBXFileReference; includeInIndex = 1; lastKnownFileType = text.xcconfig; name = "Pods-WolfpackDigitalBaseProject.debug.xcconfig"; path = "Target Support Files/Pods-WolfpackDigitalBaseProject/Pods-WolfpackDigitalBaseProject.debug.xcconfig"; sourceTree = "<group>"; };
/* End PBXFileReference section */

/* Begin PBXFrameworksBuildPhase section */
		7FA77B1A23942AB200665348 /* Frameworks */ = {
			isa = PBXFrameworksBuildPhase;
			buildActionMask = 2147483647;
			files = (
				C454FA5613B65E4B4442A4C7 /* Pods_WolfpackDigitalBaseProject.framework in Frameworks */,
				7FF75841239542F40034FF2A /* WolfpackDigitalBaseUtils in Frameworks */,
			);
			runOnlyForDeploymentPostprocessing = 0;
		};
		7FA77B3023942AB300665348 /* Frameworks */ = {
			isa = PBXFrameworksBuildPhase;
			buildActionMask = 2147483647;
			files = (
				93E3AF23CF1CD66B9DBDB2BC /* Pods_WolfpackDigitalBaseProjectTests.framework in Frameworks */,
			);
			runOnlyForDeploymentPostprocessing = 0;
		};
/* End PBXFrameworksBuildPhase section */

/* Begin PBXGroup section */
		56DD3466E7FC06D0617F23E2 /* Frameworks */ = {
			isa = PBXGroup;
			children = (
				902EA005B7FB4EF42DE9D7BB /* Pods_WolfpackDigitalBaseProject.framework */,
				C76A1EF609FD49B264ED2530 /* Pods_WolfpackDigitalBaseProjectTests.framework */,
			);
			name = Frameworks;
			sourceTree = "<group>";
		};
		7F28480F2395293600878B5F /* BaseProtocols */ = {
			isa = PBXGroup;
			children = (
				7F2848102395295800878B5F /* Bindable.swift */,
			);
			path = BaseProtocols;
			sourceTree = "<group>";
		};
		7FA77B1423942AB200665348 = {
			isa = PBXGroup;
			children = (
				7FA77B1F23942AB200665348 /* WolfpackDigitalBaseProject */,
				7FA77B3623942AB300665348 /* WolfpackDigitalBaseProjectTests */,
				7FA77B1E23942AB200665348 /* Products */,
				D8DA2A1FFAF75E62621D9BEC /* Pods */,
				56DD3466E7FC06D0617F23E2 /* Frameworks */,
			);
			sourceTree = "<group>";
		};
		7FA77B1E23942AB200665348 /* Products */ = {
			isa = PBXGroup;
			children = (
				7FA77B1D23942AB200665348 /* WolfpackDigitalBaseProject.app */,
				7FA77B3323942AB300665348 /* WolfpackDigitalBaseProjectTests.xctest */,
			);
			name = Products;
			sourceTree = "<group>";
		};
		7FA77B1F23942AB200665348 /* WolfpackDigitalBaseProject */ = {
			isa = PBXGroup;
			children = (
				7FF758422395445F0034FF2A /* WolfpackDigitalBaseProject.entitlements */,
				7F28480F2395293600878B5F /* BaseProtocols */,
				7FA77B2023942AB200665348 /* AppDelegate.swift */,
				7FA77B2223942AB200665348 /* SceneDelegate.swift */,
				7FA77B2423942AB200665348 /* ViewController.swift */,
				7FA77B2623942AB200665348 /* Main.storyboard */,
				7FA77B2923942AB300665348 /* Assets.xcassets */,
				7FA77B2B23942AB300665348 /* LaunchScreen.storyboard */,
				7FA77B2E23942AB300665348 /* Info.plist */,
			);
			path = WolfpackDigitalBaseProject;
			sourceTree = "<group>";
		};
		7FA77B3623942AB300665348 /* WolfpackDigitalBaseProjectTests */ = {
			isa = PBXGroup;
			children = (
				7FA77B3723942AB300665348 /* WolfpackDigitalBaseProjectTests.swift */,
				7FA77B3923942AB300665348 /* Info.plist */,
			);
			path = WolfpackDigitalBaseProjectTests;
			sourceTree = "<group>";
		};
		D8DA2A1FFAF75E62621D9BEC /* Pods */ = {
			isa = PBXGroup;
			children = (
				FC28BC71C3C72AA4E35F39E8 /* Pods-WolfpackDigitalBaseProject.debug.xcconfig */,
				B188E6F18F9826C08EC5093B /* Pods-WolfpackDigitalBaseProject.release.xcconfig */,
				5B19FD0A155E6BB05BE06795 /* Pods-WolfpackDigitalBaseProjectTests.debug.xcconfig */,
				0D540318EF07497E5A1A3798 /* Pods-WolfpackDigitalBaseProjectTests.release.xcconfig */,
			);
			path = Pods;
			sourceTree = "<group>";
		};
/* End PBXGroup section */

/* Begin PBXNativeTarget section */
		7FA77B1C23942AB200665348 /* WolfpackDigitalBaseProject */ = {
			isa = PBXNativeTarget;
			buildConfigurationList = 7FA77B3C23942AB300665348 /* Build configuration list for PBXNativeTarget "WolfpackDigitalBaseProject" */;
			buildPhases = (
				08866DA1EAD784AEC5D6ED43 /* [CP] Check Pods Manifest.lock */,
				7FA77B1923942AB200665348 /* Sources */,
				7FA77B1A23942AB200665348 /* Frameworks */,
				7FA77B1B23942AB200665348 /* Resources */,
				A7CEED1644D0559BDDE1E4BC /* [CP] Embed Pods Frameworks */,
			);
			buildRules = (
			);
			dependencies = (
			);
			name = WolfpackDigitalBaseProject;
			packageProductDependencies = (
				7FF75840239542F40034FF2A /* WolfpackDigitalBaseUtils */,
			);
			productName = WolfpackDigitalBaseProject;
			productReference = 7FA77B1D23942AB200665348 /* WolfpackDigitalBaseProject.app */;
			productType = "com.apple.product-type.application";
		};
		7FA77B3223942AB300665348 /* WolfpackDigitalBaseProjectTests */ = {
			isa = PBXNativeTarget;
			buildConfigurationList = 7FA77B3F23942AB300665348 /* Build configuration list for PBXNativeTarget "WolfpackDigitalBaseProjectTests" */;
			buildPhases = (
				B99FA03651470BF87BC1CD87 /* [CP] Check Pods Manifest.lock */,
				7FA77B2F23942AB300665348 /* Sources */,
				7FA77B3023942AB300665348 /* Frameworks */,
				7FA77B3123942AB300665348 /* Resources */,
			);
			buildRules = (
			);
			dependencies = (
				7FA77B3523942AB300665348 /* PBXTargetDependency */,
			);
			name = WolfpackDigitalBaseProjectTests;
			productName = WolfpackDigitalBaseProjectTests;
			productReference = 7FA77B3323942AB300665348 /* WolfpackDigitalBaseProjectTests.xctest */;
			productType = "com.apple.product-type.bundle.unit-test";
		};
/* End PBXNativeTarget section */

/* Begin PBXProject section */
		7FA77B1523942AB200665348 /* Project object */ = {
			isa = PBXProject;
			attributes = {
				LastSwiftUpdateCheck = 1100;
				LastUpgradeCheck = 1100;
				ORGANIZATIONNAME = "Wolfpack Digital";
				TargetAttributes = {
					7FA77B1C23942AB200665348 = {
						CreatedOnToolsVersion = 11.0;
					};
					7FA77B3223942AB300665348 = {
						CreatedOnToolsVersion = 11.0;
						TestTargetID = 7FA77B1C23942AB200665348;
					};
				};
			};
			buildConfigurationList = 7FA77B1823942AB200665348 /* Build configuration list for PBXProject "WolfpackDigitalBaseProject" */;
			compatibilityVersion = "Xcode 9.3";
			developmentRegion = en;
			hasScannedForEncodings = 0;
			knownRegions = (
				en,
				Base,
			);
			mainGroup = 7FA77B1423942AB200665348;
			packageReferences = (
				7FF7583F239542F40034FF2A /* XCRemoteSwiftPackageReference "ios-base-utils" */,
			);
			productRefGroup = 7FA77B1E23942AB200665348 /* Products */;
			projectDirPath = "";
			projectRoot = "";
			targets = (
				7FA77B1C23942AB200665348 /* WolfpackDigitalBaseProject */,
				7FA77B3223942AB300665348 /* WolfpackDigitalBaseProjectTests */,
			);
		};
/* End PBXProject section */

/* Begin PBXResourcesBuildPhase section */
		7FA77B1B23942AB200665348 /* Resources */ = {
			isa = PBXResourcesBuildPhase;
			buildActionMask = 2147483647;
			files = (
				7FA77B2D23942AB300665348 /* LaunchScreen.storyboard in Resources */,
				7FA77B2A23942AB300665348 /* Assets.xcassets in Resources */,
				7FA77B2823942AB200665348 /* Main.storyboard in Resources */,
			);
			runOnlyForDeploymentPostprocessing = 0;
		};
		7FA77B3123942AB300665348 /* Resources */ = {
			isa = PBXResourcesBuildPhase;
			buildActionMask = 2147483647;
			files = (
			);
			runOnlyForDeploymentPostprocessing = 0;
		};
/* End PBXResourcesBuildPhase section */

/* Begin PBXShellScriptBuildPhase section */
		08866DA1EAD784AEC5D6ED43 /* [CP] Check Pods Manifest.lock */ = {
			isa = PBXShellScriptBuildPhase;
			buildActionMask = 2147483647;
			files = (
			);
			inputFileListPaths = (
			);
			inputPaths = (
				"${PODS_PODFILE_DIR_PATH}/Podfile.lock",
				"${PODS_ROOT}/Manifest.lock",
			);
			name = "[CP] Check Pods Manifest.lock";
			outputFileListPaths = (
			);
			outputPaths = (
				"$(DERIVED_FILE_DIR)/Pods-WolfpackDigitalBaseProject-checkManifestLockResult.txt",
			);
			runOnlyForDeploymentPostprocessing = 0;
			shellPath = /bin/sh;
			shellScript = "diff \"${PODS_PODFILE_DIR_PATH}/Podfile.lock\" \"${PODS_ROOT}/Manifest.lock\" > /dev/null\nif [ $? != 0 ] ; then\n    # print error to STDERR\n    echo \"error: The sandbox is not in sync with the Podfile.lock. Run 'pod install' or update your CocoaPods installation.\" >&2\n    exit 1\nfi\n# This output is used by Xcode 'outputs' to avoid re-running this script phase.\necho \"SUCCESS\" > \"${SCRIPT_OUTPUT_FILE_0}\"\n";
			showEnvVarsInLog = 0;
		};
		A7CEED1644D0559BDDE1E4BC /* [CP] Embed Pods Frameworks */ = {
			isa = PBXShellScriptBuildPhase;
			buildActionMask = 2147483647;
			files = (
			);
			inputFileListPaths = (
				"${PODS_ROOT}/Target Support Files/Pods-WolfpackDigitalBaseProject/Pods-WolfpackDigitalBaseProject-frameworks-${CONFIGURATION}-input-files.xcfilelist",
			);
			name = "[CP] Embed Pods Frameworks";
			outputFileListPaths = (
				"${PODS_ROOT}/Target Support Files/Pods-WolfpackDigitalBaseProject/Pods-WolfpackDigitalBaseProject-frameworks-${CONFIGURATION}-output-files.xcfilelist",
			);
			runOnlyForDeploymentPostprocessing = 0;
			shellPath = /bin/sh;
			shellScript = "\"${PODS_ROOT}/Target Support Files/Pods-WolfpackDigitalBaseProject/Pods-WolfpackDigitalBaseProject-frameworks.sh\"\n";
			showEnvVarsInLog = 0;
		};
		B99FA03651470BF87BC1CD87 /* [CP] Check Pods Manifest.lock */ = {
			isa = PBXShellScriptBuildPhase;
			buildActionMask = 2147483647;
			files = (
			);
			inputFileListPaths = (
			);
			inputPaths = (
				"${PODS_PODFILE_DIR_PATH}/Podfile.lock",
				"${PODS_ROOT}/Manifest.lock",
			);
			name = "[CP] Check Pods Manifest.lock";
			outputFileListPaths = (
			);
			outputPaths = (
				"$(DERIVED_FILE_DIR)/Pods-WolfpackDigitalBaseProjectTests-checkManifestLockResult.txt",
			);
			runOnlyForDeploymentPostprocessing = 0;
			shellPath = /bin/sh;
			shellScript = "diff \"${PODS_PODFILE_DIR_PATH}/Podfile.lock\" \"${PODS_ROOT}/Manifest.lock\" > /dev/null\nif [ $? != 0 ] ; then\n    # print error to STDERR\n    echo \"error: The sandbox is not in sync with the Podfile.lock. Run 'pod install' or update your CocoaPods installation.\" >&2\n    exit 1\nfi\n# This output is used by Xcode 'outputs' to avoid re-running this script phase.\necho \"SUCCESS\" > \"${SCRIPT_OUTPUT_FILE_0}\"\n";
			showEnvVarsInLog = 0;
		};
/* End PBXShellScriptBuildPhase section */

/* Begin PBXSourcesBuildPhase section */
		7FA77B1923942AB200665348 /* Sources */ = {
			isa = PBXSourcesBuildPhase;
			buildActionMask = 2147483647;
			files = (
				7FA77B2523942AB200665348 /* ViewController.swift in Sources */,
				7FA77B2123942AB200665348 /* AppDelegate.swift in Sources */,
				7F2848112395295800878B5F /* Bindable.swift in Sources */,
				7FA77B2323942AB200665348 /* SceneDelegate.swift in Sources */,
			);
			runOnlyForDeploymentPostprocessing = 0;
		};
		7FA77B2F23942AB300665348 /* Sources */ = {
			isa = PBXSourcesBuildPhase;
			buildActionMask = 2147483647;
			files = (
				7FA77B3823942AB300665348 /* WolfpackDigitalBaseProjectTests.swift in Sources */,
			);
			runOnlyForDeploymentPostprocessing = 0;
		};
/* End PBXSourcesBuildPhase section */

/* Begin PBXTargetDependency section */
		7FA77B3523942AB300665348 /* PBXTargetDependency */ = {
			isa = PBXTargetDependency;
			target = 7FA77B1C23942AB200665348 /* WolfpackDigitalBaseProject */;
			targetProxy = 7FA77B3423942AB300665348 /* PBXContainerItemProxy */;
		};
/* End PBXTargetDependency section */

/* Begin PBXVariantGroup section */
		7FA77B2623942AB200665348 /* Main.storyboard */ = {
			isa = PBXVariantGroup;
			children = (
				7FA77B2723942AB200665348 /* Base */,
			);
			name = Main.storyboard;
			sourceTree = "<group>";
		};
		7FA77B2B23942AB300665348 /* LaunchScreen.storyboard */ = {
			isa = PBXVariantGroup;
			children = (
				7FA77B2C23942AB300665348 /* Base */,
			);
			name = LaunchScreen.storyboard;
			sourceTree = "<group>";
		};
/* End PBXVariantGroup section */

/* Begin XCBuildConfiguration section */
		7FA77B3A23942AB300665348 /* Debug */ = {
			isa = XCBuildConfiguration;
			buildSettings = {
				ALWAYS_SEARCH_USER_PATHS = NO;
				CLANG_ANALYZER_NONNULL = YES;
				CLANG_ANALYZER_NUMBER_OBJECT_CONVERSION = YES_AGGRESSIVE;
				CLANG_CXX_LANGUAGE_STANDARD = "gnu++14";
				CLANG_CXX_LIBRARY = "libc++";
				CLANG_ENABLE_MODULES = YES;
				CLANG_ENABLE_OBJC_ARC = YES;
				CLANG_ENABLE_OBJC_WEAK = YES;
				CLANG_WARN_BLOCK_CAPTURE_AUTORELEASING = YES;
				CLANG_WARN_BOOL_CONVERSION = YES;
				CLANG_WARN_COMMA = YES;
				CLANG_WARN_CONSTANT_CONVERSION = YES;
				CLANG_WARN_DEPRECATED_OBJC_IMPLEMENTATIONS = YES;
				CLANG_WARN_DIRECT_OBJC_ISA_USAGE = YES_ERROR;
				CLANG_WARN_DOCUMENTATION_COMMENTS = YES;
				CLANG_WARN_EMPTY_BODY = YES;
				CLANG_WARN_ENUM_CONVERSION = YES;
				CLANG_WARN_INFINITE_RECURSION = YES;
				CLANG_WARN_INT_CONVERSION = YES;
				CLANG_WARN_NON_LITERAL_NULL_CONVERSION = YES;
				CLANG_WARN_OBJC_IMPLICIT_RETAIN_SELF = YES;
				CLANG_WARN_OBJC_LITERAL_CONVERSION = YES;
				CLANG_WARN_OBJC_ROOT_CLASS = YES_ERROR;
				CLANG_WARN_RANGE_LOOP_ANALYSIS = YES;
				CLANG_WARN_STRICT_PROTOTYPES = YES;
				CLANG_WARN_SUSPICIOUS_MOVE = YES;
				CLANG_WARN_UNGUARDED_AVAILABILITY = YES_AGGRESSIVE;
				CLANG_WARN_UNREACHABLE_CODE = YES;
				CLANG_WARN__DUPLICATE_METHOD_MATCH = YES;
				COPY_PHASE_STRIP = NO;
				DEBUG_INFORMATION_FORMAT = dwarf;
				ENABLE_STRICT_OBJC_MSGSEND = YES;
				ENABLE_TESTABILITY = YES;
				GCC_C_LANGUAGE_STANDARD = gnu11;
				GCC_DYNAMIC_NO_PIC = NO;
				GCC_NO_COMMON_BLOCKS = YES;
				GCC_OPTIMIZATION_LEVEL = 0;
				GCC_PREPROCESSOR_DEFINITIONS = (
					"DEBUG=1",
					"$(inherited)",
				);
				GCC_WARN_64_TO_32_BIT_CONVERSION = YES;
				GCC_WARN_ABOUT_RETURN_TYPE = YES_ERROR;
				GCC_WARN_UNDECLARED_SELECTOR = YES;
				GCC_WARN_UNINITIALIZED_AUTOS = YES_AGGRESSIVE;
				GCC_WARN_UNUSED_FUNCTION = YES;
				GCC_WARN_UNUSED_VARIABLE = YES;
				IPHONEOS_DEPLOYMENT_TARGET = 13.0;
				MTL_ENABLE_DEBUG_INFO = INCLUDE_SOURCE;
				MTL_FAST_MATH = YES;
				ONLY_ACTIVE_ARCH = YES;
				SDKROOT = iphoneos;
				SWIFT_ACTIVE_COMPILATION_CONDITIONS = DEBUG;
				SWIFT_OPTIMIZATION_LEVEL = "-Onone";
			};
			name = Debug;
		};
		7FA77B3B23942AB300665348 /* Release */ = {
			isa = XCBuildConfiguration;
			buildSettings = {
				ALWAYS_SEARCH_USER_PATHS = NO;
				CLANG_ANALYZER_NONNULL = YES;
				CLANG_ANALYZER_NUMBER_OBJECT_CONVERSION = YES_AGGRESSIVE;
				CLANG_CXX_LANGUAGE_STANDARD = "gnu++14";
				CLANG_CXX_LIBRARY = "libc++";
				CLANG_ENABLE_MODULES = YES;
				CLANG_ENABLE_OBJC_ARC = YES;
				CLANG_ENABLE_OBJC_WEAK = YES;
				CLANG_WARN_BLOCK_CAPTURE_AUTORELEASING = YES;
				CLANG_WARN_BOOL_CONVERSION = YES;
				CLANG_WARN_COMMA = YES;
				CLANG_WARN_CONSTANT_CONVERSION = YES;
				CLANG_WARN_DEPRECATED_OBJC_IMPLEMENTATIONS = YES;
				CLANG_WARN_DIRECT_OBJC_ISA_USAGE = YES_ERROR;
				CLANG_WARN_DOCUMENTATION_COMMENTS = YES;
				CLANG_WARN_EMPTY_BODY = YES;
				CLANG_WARN_ENUM_CONVERSION = YES;
				CLANG_WARN_INFINITE_RECURSION = YES;
				CLANG_WARN_INT_CONVERSION = YES;
				CLANG_WARN_NON_LITERAL_NULL_CONVERSION = YES;
				CLANG_WARN_OBJC_IMPLICIT_RETAIN_SELF = YES;
				CLANG_WARN_OBJC_LITERAL_CONVERSION = YES;
				CLANG_WARN_OBJC_ROOT_CLASS = YES_ERROR;
				CLANG_WARN_RANGE_LOOP_ANALYSIS = YES;
				CLANG_WARN_STRICT_PROTOTYPES = YES;
				CLANG_WARN_SUSPICIOUS_MOVE = YES;
				CLANG_WARN_UNGUARDED_AVAILABILITY = YES_AGGRESSIVE;
				CLANG_WARN_UNREACHABLE_CODE = YES;
				CLANG_WARN__DUPLICATE_METHOD_MATCH = YES;
				COPY_PHASE_STRIP = NO;
				DEBUG_INFORMATION_FORMAT = "dwarf-with-dsym";
				ENABLE_NS_ASSERTIONS = NO;
				ENABLE_STRICT_OBJC_MSGSEND = YES;
				GCC_C_LANGUAGE_STANDARD = gnu11;
				GCC_NO_COMMON_BLOCKS = YES;
				GCC_WARN_64_TO_32_BIT_CONVERSION = YES;
				GCC_WARN_ABOUT_RETURN_TYPE = YES_ERROR;
				GCC_WARN_UNDECLARED_SELECTOR = YES;
				GCC_WARN_UNINITIALIZED_AUTOS = YES_AGGRESSIVE;
				GCC_WARN_UNUSED_FUNCTION = YES;
				GCC_WARN_UNUSED_VARIABLE = YES;
				IPHONEOS_DEPLOYMENT_TARGET = 13.0;
				MTL_ENABLE_DEBUG_INFO = NO;
				MTL_FAST_MATH = YES;
				SDKROOT = iphoneos;
				SWIFT_COMPILATION_MODE = wholemodule;
				SWIFT_OPTIMIZATION_LEVEL = "-O";
				VALIDATE_PRODUCT = YES;
			};
			name = Release;
		};
		7FA77B3D23942AB300665348 /* Debug */ = {
			isa = XCBuildConfiguration;
			baseConfigurationReference = FC28BC71C3C72AA4E35F39E8 /* Pods-WolfpackDigitalBaseProject.debug.xcconfig */;
			buildSettings = {
				ASSETCATALOG_COMPILER_APPICON_NAME = AppIcon;
				CODE_SIGN_ENTITLEMENTS = WolfpackDigitalBaseProject/WolfpackDigitalBaseProject.entitlements;
				CODE_SIGN_STYLE = Automatic;
				DEVELOPMENT_TEAM = 66S9Y77FV9;
				INFOPLIST_FILE = WolfpackDigitalBaseProject/Info.plist;
				LD_RUNPATH_SEARCH_PATHS = (
					"$(inherited)",
					"@executable_path/Frameworks",
				);
				PRODUCT_BUNDLE_IDENTIFIER = com.wolfpack.WolfpackDigitalBaseProject;
				PRODUCT_NAME = "$(TARGET_NAME)";
				SWIFT_VERSION = 5.0;
				TARGETED_DEVICE_FAMILY = "1,2";
			};
			name = Debug;
		};
		7FA77B3E23942AB300665348 /* Release */ = {
			isa = XCBuildConfiguration;
			baseConfigurationReference = B188E6F18F9826C08EC5093B /* Pods-WolfpackDigitalBaseProject.release.xcconfig */;
			buildSettings = {
				ASSETCATALOG_COMPILER_APPICON_NAME = AppIcon;
				CODE_SIGN_ENTITLEMENTS = WolfpackDigitalBaseProject/WolfpackDigitalBaseProject.entitlements;
				CODE_SIGN_STYLE = Automatic;
				DEVELOPMENT_TEAM = 66S9Y77FV9;
				INFOPLIST_FILE = WolfpackDigitalBaseProject/Info.plist;
				LD_RUNPATH_SEARCH_PATHS = (
					"$(inherited)",
					"@executable_path/Frameworks",
				);
				PRODUCT_BUNDLE_IDENTIFIER = com.wolfpack.WolfpackDigitalBaseProject;
				PRODUCT_NAME = "$(TARGET_NAME)";
				SWIFT_VERSION = 5.0;
				TARGETED_DEVICE_FAMILY = "1,2";
			};
			name = Release;
		};
		7FA77B4023942AB300665348 /* Debug */ = {
			isa = XCBuildConfiguration;
			baseConfigurationReference = 5B19FD0A155E6BB05BE06795 /* Pods-WolfpackDigitalBaseProjectTests.debug.xcconfig */;
			buildSettings = {
				ALWAYS_EMBED_SWIFT_STANDARD_LIBRARIES = YES;
				BUNDLE_LOADER = "$(TEST_HOST)";
				CODE_SIGN_STYLE = Automatic;
				DEVELOPMENT_TEAM = 66S9Y77FV9;
				INFOPLIST_FILE = WolfpackDigitalBaseProjectTests/Info.plist;
				IPHONEOS_DEPLOYMENT_TARGET = 13.0;
				LD_RUNPATH_SEARCH_PATHS = (
					"$(inherited)",
					"@executable_path/Frameworks",
					"@loader_path/Frameworks",
				);
				PRODUCT_BUNDLE_IDENTIFIER = com.wolfpack.WolfpackDigitalBaseProjectTests;
				PRODUCT_NAME = "$(TARGET_NAME)";
				SWIFT_VERSION = 5.0;
				TARGETED_DEVICE_FAMILY = "1,2";
				TEST_HOST = "$(BUILT_PRODUCTS_DIR)/WolfpackDigitalBaseProject.app/WolfpackDigitalBaseProject";
			};
			name = Debug;
		};
		7FA77B4123942AB300665348 /* Release */ = {
			isa = XCBuildConfiguration;
			baseConfigurationReference = 0D540318EF07497E5A1A3798 /* Pods-WolfpackDigitalBaseProjectTests.release.xcconfig */;
			buildSettings = {
				ALWAYS_EMBED_SWIFT_STANDARD_LIBRARIES = YES;
				BUNDLE_LOADER = "$(TEST_HOST)";
				CODE_SIGN_STYLE = Automatic;
				DEVELOPMENT_TEAM = 66S9Y77FV9;
				INFOPLIST_FILE = WolfpackDigitalBaseProjectTests/Info.plist;
				IPHONEOS_DEPLOYMENT_TARGET = 13.0;
				LD_RUNPATH_SEARCH_PATHS = (
					"$(inherited)",
					"@executable_path/Frameworks",
					"@loader_path/Frameworks",
				);
				PRODUCT_BUNDLE_IDENTIFIER = com.wolfpack.WolfpackDigitalBaseProjectTests;
				PRODUCT_NAME = "$(TARGET_NAME)";
				SWIFT_VERSION = 5.0;
				TARGETED_DEVICE_FAMILY = "1,2";
				TEST_HOST = "$(BUILT_PRODUCTS_DIR)/WolfpackDigitalBaseProject.app/WolfpackDigitalBaseProject";
			};
			name = Release;
		};
/* End XCBuildConfiguration section */

/* Begin XCConfigurationList section */
		7FA77B1823942AB200665348 /* Build configuration list for PBXProject "WolfpackDigitalBaseProject" */ = {
			isa = XCConfigurationList;
			buildConfigurations = (
				7FA77B3A23942AB300665348 /* Debug */,
				7FA77B3B23942AB300665348 /* Release */,
			);
			defaultConfigurationIsVisible = 0;
			defaultConfigurationName = Release;
		};
		7FA77B3C23942AB300665348 /* Build configuration list for PBXNativeTarget "WolfpackDigitalBaseProject" */ = {
			isa = XCConfigurationList;
			buildConfigurations = (
				7FA77B3D23942AB300665348 /* Debug */,
				7FA77B3E23942AB300665348 /* Release */,
			);
			defaultConfigurationIsVisible = 0;
			defaultConfigurationName = Release;
		};
		7FA77B3F23942AB300665348 /* Build configuration list for PBXNativeTarget "WolfpackDigitalBaseProjectTests" */ = {
			isa = XCConfigurationList;
			buildConfigurations = (
				7FA77B4023942AB300665348 /* Debug */,
				7FA77B4123942AB300665348 /* Release */,
			);
			defaultConfigurationIsVisible = 0;
			defaultConfigurationName = Release;
		};
/* End XCConfigurationList section */

/* Begin XCRemoteSwiftPackageReference section */
		7FF7583F239542F40034FF2A /* XCRemoteSwiftPackageReference "ios-base-utils" */ = {
			isa = XCRemoteSwiftPackageReference;
			repositoryURL = "https://github.com/wolfpackdigitalapps/ios-base-utils/";
			requirement = {
				kind = upToNextMajorVersion;
				minimumVersion = 1.0.2;
			};
		};
/* End XCRemoteSwiftPackageReference section */

/* Begin XCSwiftPackageProductDependency section */
		7FF75840239542F40034FF2A /* WolfpackDigitalBaseUtils */ = {
			isa = XCSwiftPackageProductDependency;
			package = 7FF7583F239542F40034FF2A /* XCRemoteSwiftPackageReference "ios-base-utils" */;
			productName = WolfpackDigitalBaseUtils;
		};
/* End XCSwiftPackageProductDependency section */
	};
	rootObject = 7FA77B1523942AB200665348 /* Project object */;
}
